
Microsoft Visual Studio Solution File, Format Version 12.00
# Visual Studio Version 17
VisualStudioVersion = 17.11.35222.181
MinimumVisualStudioVersion = 10.0.40219.1
Project("{9A19103F-16F7-4668-BE54-9A1E7A4F7556}") = "PlumbBuddy.App", "PlumbBuddy.App\PlumbBuddy.App.csproj", "{9647DDC9-ACE0-4F3C-A234-F590740398E9}"
EndProject
Project("{FAE04EC0-301F-11D3-BF4B-00C04F79EFBC}") = "PlumbBuddy.Data", "PlumbBuddy.Data\PlumbBuddy.Data.csproj", "{F52839BA-21C9-4529-9B87-66F5B72115B1}"
EndProject
Global
	GlobalSection(SolutionConfigurationPlatforms) = preSolution
		Debug|Any CPU = Debug|Any CPU
		Release|Any CPU = Release|Any CPU
	EndGlobalSection
	GlobalSection(ProjectConfigurationPlatforms) = postSolution
		{9647DDC9-ACE0-4F3C-A234-F590740398E9}.Debug|Any CPU.ActiveCfg = Debug|Any CPU
		{9647DDC9-ACE0-4F3C-A234-F590740398E9}.Debug|Any CPU.Build.0 = Debug|Any CPU
		{9647DDC9-ACE0-4F3C-A234-F590740398E9}.Debug|Any CPU.Deploy.0 = Debug|Any CPU
		{9647DDC9-ACE0-4F3C-A234-F590740398E9}.Release|Any CPU.ActiveCfg = Release|Any CPU
		{9647DDC9-ACE0-4F3C-A234-F590740398E9}.Release|Any CPU.Build.0 = Release|Any CPU
		{9647DDC9-ACE0-4F3C-A234-F590740398E9}.Release|Any CPU.Deploy.0 = Release|Any CPU
		{F52839BA-21C9-4529-9B87-66F5B72115B1}.Debug|Any CPU.ActiveCfg = Debug|Any CPU
		{F52839BA-21C9-4529-9B87-66F5B72115B1}.Debug|Any CPU.Build.0 = Debug|Any CPU
		{F52839BA-21C9-4529-9B87-66F5B72115B1}.Release|Any CPU.ActiveCfg = Release|Any CPU
		{F52839BA-21C9-4529-9B87-66F5B72115B1}.Release|Any CPU.Build.0 = Release|Any CPU
	EndGlobalSection
	GlobalSection(SolutionProperties) = preSolution
		HideSolutionNode = FALSE
	EndGlobalSection
	GlobalSection(ExtensibilityGlobals) = postSolution
		SolutionGuid = {7258C71B-AB2C-4F35-A8D8-7FE90301DE87}
	EndGlobalSection
EndGlobal
