
Microsoft Visual Studio Solution File, Format Version 12.00
# Visual Studio Version 17
VisualStudioVersion = 17.11.35222.181
MinimumVisualStudioVersion = 10.0.40219.1
Project("{9A19103F-16F7-4668-BE54-9A1E7A4F7556}") = "PlumbBuddy.Data", "PlumbBuddy.Data\PlumbBuddy.Data.csproj", "{F52839BA-21C9-4529-9B87-66F5B72115B1}"
EndProject
Project("{9A19103F-16F7-4668-BE54-9A1E7A4F7556}") = "PlumbBuddy", "PlumbBuddy\PlumbBuddy.csproj", "{ABFC0C08-6DF0-45FE-8542-4C6716E7C0D6}"
EndProject
Project("{FAE04EC0-301F-11D3-BF4B-00C04F79EFBC}") = "PlumbBuddy.Data.Chronicle", "PlumbBuddy.Data.Chronicle\PlumbBuddy.Data.Chronicle.csproj", "{D05F55CA-5A8A-4BA1-A266-6A14329576AA}"
EndProject
Project("{FAE04EC0-301F-11D3-BF4B-00C04F79EFBC}") = "PlumbBuddy.Terminal", "PlumbBuddy.Terminal\PlumbBuddy.Terminal.csproj", "{9A0C0A41-5725-4799-9C38-68067B97AF23}"
EndProject
Project("{FAE04EC0-301F-11D3-BF4B-00C04F79EFBC}") = "PlumbBuddy.Logic", "PlumbBuddy.Logic\PlumbBuddy.Logic.csproj", "{4276BC6C-AEAA-49B9-91DC-DFC73F67E6BB}"
EndProject
Global
	GlobalSection(SolutionConfigurationPlatforms) = preSolution
		Debug|Any CPU = Debug|Any CPU
		Release|Any CPU = Release|Any CPU
	EndGlobalSection
	GlobalSection(ProjectConfigurationPlatforms) = postSolution
		{F52839BA-21C9-4529-9B87-66F5B72115B1}.Debug|Any CPU.ActiveCfg = Debug|Any CPU
		{F52839BA-21C9-4529-9B87-66F5B72115B1}.Debug|Any CPU.Build.0 = Debug|Any CPU
		{F52839BA-21C9-4529-9B87-66F5B72115B1}.Release|Any CPU.ActiveCfg = Release|Any CPU
		{F52839BA-21C9-4529-9B87-66F5B72115B1}.Release|Any CPU.Build.0 = Release|Any CPU
		{ABFC0C08-6DF0-45FE-8542-4C6716E7C0D6}.Debug|Any CPU.ActiveCfg = Debug|Any CPU
		{ABFC0C08-6DF0-45FE-8542-4C6716E7C0D6}.Debug|Any CPU.Build.0 = Debug|Any CPU
		{ABFC0C08-6DF0-45FE-8542-4C6716E7C0D6}.Debug|Any CPU.Deploy.0 = Debug|Any CPU
		{ABFC0C08-6DF0-45FE-8542-4C6716E7C0D6}.Release|Any CPU.ActiveCfg = Release|Any CPU
		{ABFC0C08-6DF0-45FE-8542-4C6716E7C0D6}.Release|Any CPU.Build.0 = Release|Any CPU
		{ABFC0C08-6DF0-45FE-8542-4C6716E7C0D6}.Release|Any CPU.Deploy.0 = Release|Any CPU
		{D05F55CA-5A8A-4BA1-A266-6A14329576AA}.Debug|Any CPU.ActiveCfg = Debug|Any CPU
		{D05F55CA-5A8A-4BA1-A266-6A14329576AA}.Debug|Any CPU.Build.0 = Debug|Any CPU
		{D05F55CA-5A8A-4BA1-A266-6A14329576AA}.Release|Any CPU.ActiveCfg = Release|Any CPU
		{D05F55CA-5A8A-4BA1-A266-6A14329576AA}.Release|Any CPU.Build.0 = Release|Any CPU
		{9A0C0A41-5725-4799-9C38-68067B97AF23}.Debug|Any CPU.ActiveCfg = Debug|Any CPU
		{9A0C0A41-5725-4799-9C38-68067B97AF23}.Debug|Any CPU.Build.0 = Debug|Any CPU
		{9A0C0A41-5725-4799-9C38-68067B97AF23}.Release|Any CPU.ActiveCfg = Release|Any CPU
		{9A0C0A41-5725-4799-9C38-68067B97AF23}.Release|Any CPU.Build.0 = Release|Any CPU
		{4276BC6C-AEAA-49B9-91DC-DFC73F67E6BB}.Debug|Any CPU.ActiveCfg = Debug|Any CPU
		{4276BC6C-AEAA-49B9-91DC-DFC73F67E6BB}.Debug|Any CPU.Build.0 = Debug|Any CPU
		{4276BC6C-AEAA-49B9-91DC-DFC73F67E6BB}.Release|Any CPU.ActiveCfg = Release|Any CPU
		{4276BC6C-AEAA-49B9-91DC-DFC73F67E6BB}.Release|Any CPU.Build.0 = Release|Any CPU
	EndGlobalSection
	GlobalSection(SolutionProperties) = preSolution
		HideSolutionNode = FALSE
	EndGlobalSection
	GlobalSection(ExtensibilityGlobals) = postSolution
		SolutionGuid = {7258C71B-AB2C-4F35-A8D8-7FE90301DE87}
	EndGlobalSection
EndGlobal
